// !$*UTF8*$!
{
	archiveVersion = 1;
	classes = {
	};
	objectVersion = 56;
	objects = {

/* Begin PBXBuildFile section */
		86C9683A2935222A009256E8 /* songAlbumCollectionApp.swift in Sources */ = {isa = PBXBuildFile; fileRef = 86C968392935222A009256E8 /* songAlbumCollectionApp.swift */; };
		86C9683C2935222A009256E8 /* ContentView.swift in Sources */ = {isa = PBXBuildFile; fileRef = 86C9683B2935222A009256E8 /* ContentView.swift */; };
		86C9683E2935222C009256E8 /* Assets.xcassets in Resources */ = {isa = PBXBuildFile; fileRef = 86C9683D2935222C009256E8 /* Assets.xcassets */; };
		86C968412935222C009256E8 /* Preview Assets.xcassets in Resources */ = {isa = PBXBuildFile; fileRef = 86C968402935222C009256E8 /* Preview Assets.xcassets */; };
		86C968432935222C009256E8 /* Persistence.swift in Sources */ = {isa = PBXBuildFile; fileRef = 86C968422935222C009256E8 /* Persistence.swift */; };
		86C968462935222C009256E8 /* songAlbumCollection.xcdatamodeld in Sources */ = {isa = PBXBuildFile; fileRef = 86C968442935222C009256E8 /* songAlbumCollection.xcdatamodeld */; };
		86D638BE293526D100A74166 /* AlbumViewModel.swift in Sources */ = {isa = PBXBuildFile; fileRef = 86D638BD293526D100A74166 /* AlbumViewModel.swift */; };
		86D638C229353B4300A74166 /* AlbumRow.swift in Sources */ = {isa = PBXBuildFile; fileRef = 86D638C129353B4300A74166 /* AlbumRow.swift */; };
/* End PBXBuildFile section */

/* Begin PBXFileReference section */
		86C968362935222A009256E8 /* songAlbumCollection.app */ = {isa = PBXFileReference; explicitFileType = wrapper.application; includeInIndex = 0; path = songAlbumCollection.app; sourceTree = BUILT_PRODUCTS_DIR; };
		86C968392935222A009256E8 /* songAlbumCollectionApp.swift */ = {isa = PBXFileReference; lastKnownFileType = sourcecode.swift; path = songAlbumCollectionApp.swift; sourceTree = "<group>"; };
		86C9683B2935222A009256E8 /* ContentView.swift */ = {isa = PBXFileReference; lastKnownFileType = sourcecode.swift; path = ContentView.swift; sourceTree = "<group>"; };
		86C9683D2935222C009256E8 /* Assets.xcassets */ = {isa = PBXFileReference; lastKnownFileType = folder.assetcatalog; path = Assets.xcassets; sourceTree = "<group>"; };
		86C968402935222C009256E8 /* Preview Assets.xcassets */ = {isa = PBXFileReference; lastKnownFileType = folder.assetcatalog; path = "Preview Assets.xcassets"; sourceTree = "<group>"; };
		86C968422935222C009256E8 /* Persistence.swift */ = {isa = PBXFileReference; lastKnownFileType = sourcecode.swift; path = Persistence.swift; sourceTree = "<group>"; };
		86C968452935222C009256E8 /* songAlbumCollection.xcdatamodel */ = {isa = PBXFileReference; lastKnownFileType = wrapper.xcdatamodel; path = songAlbumCollection.xcdatamodel; sourceTree = "<group>"; };
		86D638BD293526D100A74166 /* AlbumViewModel.swift */ = {isa = PBXFileReference; lastKnownFileType = sourcecode.swift; path = AlbumViewModel.swift; sourceTree = "<group>"; };
		86D638C129353B4300A74166 /* AlbumRow.swift */ = {isa = PBXFileReference; lastKnownFileType = sourcecode.swift; path = AlbumRow.swift; sourceTree = "<group>"; };
/* End PBXFileReference section */

/* Begin PBXFrameworksBuildPhase section */
		86C968332935222A009256E8 /* Frameworks */ = {
			isa = PBXFrameworksBuildPhase;
			buildActionMask = 2147483647;
			files = (
			);
			runOnlyForDeploymentPostprocessing = 0;
		};
/* End PBXFrameworksBuildPhase section */

/* Begin PBXGroup section */
		86C9682D2935222A009256E8 = {
			isa = PBXGroup;
			children = (
				86C968382935222A009256E8 /* songAlbumCollection */,
				86C968372935222A009256E8 /* Products */,
			);
			sourceTree = "<group>";
		};
		86C968372935222A009256E8 /* Products */ = {
			isa = PBXGroup;
			children = (
				86C968362935222A009256E8 /* songAlbumCollection.app */,
			);
			name = Products;
			sourceTree = "<group>";
		};
		86C968382935222A009256E8 /* songAlbumCollection */ = {
			isa = PBXGroup;
			children = (
				86D638C0293539D900A74166 /* View Models */,
				86D638BF293536E700A74166 /* Views */,
				86C968392935222A009256E8 /* songAlbumCollectionApp.swift */,
				86C9683D2935222C009256E8 /* Assets.xcassets */,
				86C968422935222C009256E8 /* Persistence.swift */,
				86C968442935222C009256E8 /* songAlbumCollection.xcdatamodeld */,
				86C9683F2935222C009256E8 /* Preview Content */,
			);
			path = songAlbumCollection;
			sourceTree = "<group>";
		};
		86C9683F2935222C009256E8 /* Preview Content */ = {
			isa = PBXGroup;
			children = (
				86C968402935222C009256E8 /* Preview Assets.xcassets */,
			);
			path = "Preview Content";
			sourceTree = "<group>";
		};
		86D638BF293536E700A74166 /* Views */ = {
			isa = PBXGroup;
			children = (
				86C9683B2935222A009256E8 /* ContentView.swift */,
				86D638C129353B4300A74166 /* AlbumRow.swift */,
			);
			path = Views;
			sourceTree = "<group>";
		};
		86D638C0293539D900A74166 /* View Models */ = {
			isa = PBXGroup;
			children = (
				86D638BD293526D100A74166 /* AlbumViewModel.swift */,
			);
			path = "View Models";
			sourceTree = "<group>";
		};
/* End PBXGroup section */

/* Begin PBXNativeTarget section */
		86C968352935222A009256E8 /* songAlbumCollection */ = {
			isa = PBXNativeTarget;
			buildConfigurationList = 86C968492935222C009256E8 /* Build configuration list for PBXNativeTarget "songAlbumCollection" */;
			buildPhases = (
				86C968322935222A009256E8 /* Sources */,
				86C968332935222A009256E8 /* Frameworks */,
				86C968342935222A009256E8 /* Resources */,
			);
			buildRules = (
			);
			dependencies = (
			);
			name = songAlbumCollection;
			productName = songAlbumCollection;
			productReference = 86C968362935222A009256E8 /* songAlbumCollection.app */;
			productType = "com.apple.product-type.application";
		};
/* End PBXNativeTarget section */

/* Begin PBXProject section */
		86C9682E2935222A009256E8 /* Project object */ = {
			isa = PBXProject;
			attributes = {
				BuildIndependentTargetsInParallel = 1;
				LastSwiftUpdateCheck = 1410;
				LastUpgradeCheck = 1410;
				TargetAttributes = {
					86C968352935222A009256E8 = {
						CreatedOnToolsVersion = 14.1;
					};
				};
			};
			buildConfigurationList = 86C968312935222A009256E8 /* Build configuration list for PBXProject "songAlbumCollection" */;
			compatibilityVersion = "Xcode 14.0";
			developmentRegion = en;
			hasScannedForEncodings = 0;
			knownRegions = (
				en,
				Base,
			);
			mainGroup = 86C9682D2935222A009256E8;
			productRefGroup = 86C968372935222A009256E8 /* Products */;
			projectDirPath = "";
			projectRoot = "";
			targets = (
				86C968352935222A009256E8 /* songAlbumCollection */,
			);
		};
/* End PBXProject section */

/* Begin PBXResourcesBuildPhase section */
		86C968342935222A009256E8 /* Resources */ = {
			isa = PBXResourcesBuildPhase;
			buildActionMask = 2147483647;
			files = (
				86C968412935222C009256E8 /* Preview Assets.xcassets in Resources */,
				86C9683E2935222C009256E8 /* Assets.xcassets in Resources */,
			);
			runOnlyForDeploymentPostprocessing = 0;
		};
/* End PBXResourcesBuildPhase section */

/* Begin PBXSourcesBuildPhase section */
		86C968322935222A009256E8 /* Sources */ = {
			isa = PBXSourcesBuildPhase;
			buildActionMask = 2147483647;
			files = (
				86C968462935222C009256E8 /* songAlbumCollection.xcdatamodeld in Sources */,
				86C968432935222C009256E8 /* Persistence.swift in Sources */,
				86D638C229353B4300A74166 /* AlbumRow.swift in Sources */,
				86C9683C2935222A009256E8 /* ContentView.swift in Sources */,
				86D638BE293526D100A74166 /* AlbumViewModel.swift in Sources */,
				86C9683A2935222A009256E8 /* songAlbumCollectionApp.swift in Sources */,
			);
			runOnlyForDeploymentPostprocessing = 0;
		};
/* End PBXSourcesBuildPhase section */

/* Begin XCBuildConfiguration section */
		86C968472935222C009256E8 /* Debug */ = {
			isa = XCBuildConfiguration;
			buildSettings = {
				ALWAYS_SEARCH_USER_PATHS = NO;
				CLANG_ANALYZER_NONNULL = YES;
				CLANG_ANALYZER_NUMBER_OBJECT_CONVERSION = YES_AGGRESSIVE;
				CLANG_CXX_LANGUAGE_STANDARD = "gnu++20";
				CLANG_ENABLE_MODULES = YES;
				CLANG_ENABLE_OBJC_ARC = YES;
				CLANG_ENABLE_OBJC_WEAK = YES;
				CLANG_WARN_BLOCK_CAPTURE_AUTORELEASING = YES;
				CLANG_WARN_BOOL_CONVERSION = YES;
				CLANG_WARN_COMMA = YES;
				CLANG_WARN_CONSTANT_CONVERSION = YES;
				CLANG_WARN_DEPRECATED_OBJC_IMPLEMENTATIONS = YES;
				CLANG_WARN_DIRECT_OBJC_ISA_USAGE = YES_ERROR;
				CLANG_WARN_DOCUMENTATION_COMMENTS = YES;
				CLANG_WARN_EMPTY_BODY = YES;
				CLANG_WARN_ENUM_CONVERSION = YES;
				CLANG_WARN_INFINITE_RECURSION = YES;
				CLANG_WARN_INT_CONVERSION = YES;
				CLANG_WARN_NON_LITERAL_NULL_CONVERSION = YES;
				CLANG_WARN_OBJC_IMPLICIT_RETAIN_SELF = YES;
				CLANG_WARN_OBJC_LITERAL_CONVERSION = YES;
				CLANG_WARN_OBJC_ROOT_CLASS = YES_ERROR;
				CLANG_WARN_QUOTED_INCLUDE_IN_FRAMEWORK_HEADER = YES;
				CLANG_WARN_RANGE_LOOP_ANALYSIS = YES;
				CLANG_WARN_STRICT_PROTOTYPES = YES;
				CLANG_WARN_SUSPICIOUS_MOVE = YES;
				CLANG_WARN_UNGUARDED_AVAILABILITY = YES_AGGRESSIVE;
				CLANG_WARN_UNREACHABLE_CODE = YES;
				CLANG_WARN__DUPLICATE_METHOD_MATCH = YES;
				COPY_PHASE_STRIP = NO;
				DEBUG_INFORMATION_FORMAT = dwarf;
				ENABLE_STRICT_OBJC_MSGSEND = YES;
				ENABLE_TESTABILITY = YES;
				GCC_C_LANGUAGE_STANDARD = gnu11;
				GCC_DYNAMIC_NO_PIC = NO;
				GCC_NO_COMMON_BLOCKS = YES;
				GCC_OPTIMIZATION_LEVEL = 0;
				GCC_PREPROCESSOR_DEFINITIONS = (
					"DEBUG=1",
					"$(inherited)",
				);
				GCC_WARN_64_TO_32_BIT_CONVERSION = YES;
				GCC_WARN_ABOUT_RETURN_TYPE = YES_ERROR;
				GCC_WARN_UNDECLARED_SELECTOR = YES;
				GCC_WARN_UNINITIALIZED_AUTOS = YES_AGGRESSIVE;
				GCC_WARN_UNUSED_FUNCTION = YES;
				GCC_WARN_UNUSED_VARIABLE = YES;
				IPHONEOS_DEPLOYMENT_TARGET = 16.1;
				MTL_ENABLE_DEBUG_INFO = INCLUDE_SOURCE;
				MTL_FAST_MATH = YES;
				ONLY_ACTIVE_ARCH = YES;
				SDKROOT = iphoneos;
				SWIFT_ACTIVE_COMPILATION_CONDITIONS = DEBUG;
				SWIFT_OPTIMIZATION_LEVEL = "-Onone";
			};
			name = Debug;
		};
		86C968482935222C009256E8 /* Release */ = {
			isa = XCBuildConfiguration;
			buildSettings = {
				ALWAYS_SEARCH_USER_PATHS = NO;
				CLANG_ANALYZER_NONNULL = YES;
				CLANG_ANALYZER_NUMBER_OBJECT_CONVERSION = YES_AGGRESSIVE;
				CLANG_CXX_LANGUAGE_STANDARD = "gnu++20";
				CLANG_ENABLE_MODULES = YES;
				CLANG_ENABLE_OBJC_ARC = YES;
				CLANG_ENABLE_OBJC_WEAK = YES;
				CLANG_WARN_BLOCK_CAPTURE_AUTORELEASING = YES;
				CLANG_WARN_BOOL_CONVERSION = YES;
				CLANG_WARN_COMMA = YES;
				CLANG_WARN_CONSTANT_CONVERSION = YES;
				CLANG_WARN_DEPRECATED_OBJC_IMPLEMENTATIONS = YES;
				CLANG_WARN_DIRECT_OBJC_ISA_USAGE = YES_ERROR;
				CLANG_WARN_DOCUMENTATION_COMMENTS = YES;
				CLANG_WARN_EMPTY_BODY = YES;
				CLANG_WARN_ENUM_CONVERSION = YES;
				CLANG_WARN_INFINITE_RECURSION = YES;
				CLANG_WARN_INT_CONVERSION = YES;
				CLANG_WARN_NON_LITERAL_NULL_CONVERSION = YES;
				CLANG_WARN_OBJC_IMPLICIT_RETAIN_SELF = YES;
				CLANG_WARN_OBJC_LITERAL_CONVERSION = YES;
				CLANG_WARN_OBJC_ROOT_CLASS = YES_ERROR;
				CLANG_WARN_QUOTED_INCLUDE_IN_FRAMEWORK_HEADER = YES;
				CLANG_WARN_RANGE_LOOP_ANALYSIS = YES;
				CLANG_WARN_STRICT_PROTOTYPES = YES;
				CLANG_WARN_SUSPICIOUS_MOVE = YES;
				CLANG_WARN_UNGUARDED_AVAILABILITY = YES_AGGRESSIVE;
				CLANG_WARN_UNREACHABLE_CODE = YES;
				CLANG_WARN__DUPLICATE_METHOD_MATCH = YES;
				COPY_PHASE_STRIP = NO;
				DEBUG_INFORMATION_FORMAT = "dwarf-with-dsym";
				ENABLE_NS_ASSERTIONS = NO;
				ENABLE_STRICT_OBJC_MSGSEND = YES;
				GCC_C_LANGUAGE_STANDARD = gnu11;
				GCC_NO_COMMON_BLOCKS = YES;
				GCC_WARN_64_TO_32_BIT_CONVERSION = YES;
				GCC_WARN_ABOUT_RETURN_TYPE = YES_ERROR;
				GCC_WARN_UNDECLARED_SELECTOR = YES;
				GCC_WARN_UNINITIALIZED_AUTOS = YES_AGGRESSIVE;
				GCC_WARN_UNUSED_FUNCTION = YES;
				GCC_WARN_UNUSED_VARIABLE = YES;
				IPHONEOS_DEPLOYMENT_TARGET = 16.1;
				MTL_ENABLE_DEBUG_INFO = NO;
				MTL_FAST_MATH = YES;
				SDKROOT = iphoneos;
				SWIFT_COMPILATION_MODE = wholemodule;
				SWIFT_OPTIMIZATION_LEVEL = "-O";
				VALIDATE_PRODUCT = YES;
			};
			name = Release;
		};
		86C9684A2935222C009256E8 /* Debug */ = {
			isa = XCBuildConfiguration;
			buildSettings = {
				ASSETCATALOG_COMPILER_APPICON_NAME = AppIcon;
				ASSETCATALOG_COMPILER_GLOBAL_ACCENT_COLOR_NAME = AccentColor;
				CODE_SIGN_STYLE = Automatic;
				CURRENT_PROJECT_VERSION = 1;
				DEVELOPMENT_ASSET_PATHS = "\"songAlbumCollection/Preview Content\"";
				ENABLE_PREVIEWS = YES;
				GENERATE_INFOPLIST_FILE = YES;
				INFOPLIST_KEY_UIApplicationSceneManifest_Generation = YES;
				INFOPLIST_KEY_UIApplicationSupportsIndirectInputEvents = YES;
				INFOPLIST_KEY_UILaunchScreen_Generation = YES;
				INFOPLIST_KEY_UISupportedInterfaceOrientations_iPad = "UIInterfaceOrientationPortrait UIInterfaceOrientationPortraitUpsideDown UIInterfaceOrientationLandscapeLeft UIInterfaceOrientationLandscapeRight";
				INFOPLIST_KEY_UISupportedInterfaceOrientations_iPhone = "UIInterfaceOrientationPortrait UIInterfaceOrientationLandscapeLeft UIInterfaceOrientationLandscapeRight";
				LD_RUNPATH_SEARCH_PATHS = (
					"$(inherited)",
					"@executable_path/Frameworks",
				);
				MARKETING_VERSION = 1.0;
				PRODUCT_BUNDLE_IDENTIFIER = z1885782.niu.edu.songAlbumCollection;
				PRODUCT_NAME = "$(TARGET_NAME)";
				SWIFT_EMIT_LOC_STRINGS = YES;
				SWIFT_VERSION = 5.0;
				TARGETED_DEVICE_FAMILY = "1,2";
			};
			name = Debug;
		};
		86C9684B2935222C009256E8 /* Release */ = {
			isa = XCBuildConfiguration;
			buildSettings = {
				ASSETCATALOG_COMPILER_APPICON_NAME = AppIcon;
				ASSETCATALOG_COMPILER_GLOBAL_ACCENT_COLOR_NAME = AccentColor;
				CODE_SIGN_STYLE = Automatic;
				CURRENT_PROJECT_VERSION = 1;
				DEVELOPMENT_ASSET_PATHS = "\"songAlbumCollection/Preview Content\"";
				ENABLE_PREVIEWS = YES;
				GENERATE_INFOPLIST_FILE = YES;
				INFOPLIST_KEY_UIApplicationSceneManifest_Generation = YES;
				INFOPLIST_KEY_UIApplicationSupportsIndirectInputEvents = YES;
				INFOPLIST_KEY_UILaunchScreen_Generation = YES;
				INFOPLIST_KEY_UISupportedInterfaceOrientations_iPad = "UIInterfaceOrientationPortrait UIInterfaceOrientationPortraitUpsideDown UIInterfaceOrientationLandscapeLeft UIInterfaceOrientationLandscapeRight";
				INFOPLIST_KEY_UISupportedInterfaceOrientations_iPhone = "UIInterfaceOrientationPortrait UIInterfaceOrientationLandscapeLeft UIInterfaceOrientationLandscapeRight";
				LD_RUNPATH_SEARCH_PATHS = (
					"$(inherited)",
					"@executable_path/Frameworks",
				);
				MARKETING_VERSION = 1.0;
				PRODUCT_BUNDLE_IDENTIFIER = z1885782.niu.edu.songAlbumCollection;
				PRODUCT_NAME = "$(TARGET_NAME)";
				SWIFT_EMIT_LOC_STRINGS = YES;
				SWIFT_VERSION = 5.0;
				TARGETED_DEVICE_FAMILY = "1,2";
			};
			name = Release;
		};
/* End XCBuildConfiguration section */

/* Begin XCConfigurationList section */
		86C968312935222A009256E8 /* Build configuration list for PBXProject "songAlbumCollection" */ = {
			isa = XCConfigurationList;
			buildConfigurations = (
				86C968472935222C009256E8 /* Debug */,
				86C968482935222C009256E8 /* Release */,
			);
			defaultConfigurationIsVisible = 0;
			defaultConfigurationName = Release;
		};
		86C968492935222C009256E8 /* Build configuration list for PBXNativeTarget "songAlbumCollection" */ = {
			isa = XCConfigurationList;
			buildConfigurations = (
				86C9684A2935222C009256E8 /* Debug */,
				86C9684B2935222C009256E8 /* Release */,
			);
			defaultConfigurationIsVisible = 0;
			defaultConfigurationName = Release;
		};
/* End XCConfigurationList section */

/* Begin XCVersionGroup section */
		86C968442935222C009256E8 /* songAlbumCollection.xcdatamodeld */ = {
			isa = XCVersionGroup;
			children = (
				86C968452935222C009256E8 /* songAlbumCollection.xcdatamodel */,
			);
			currentVersion = 86C968452935222C009256E8 /* songAlbumCollection.xcdatamodel */;
			path = songAlbumCollection.xcdatamodeld;
			sourceTree = "<group>";
			versionGroupType = wrapper.xcdatamodel;
		};
/* End XCVersionGroup section */
	};
	rootObject = 86C9682E2935222A009256E8 /* Project object */;
}
